
Microsoft Visual Studio Solution File, Format Version 12.00
# Visual Studio Express 2012 for Windows Phone
Project("{FAE04EC0-301F-11D3-BF4B-00C04F79EFBC}") = "Note", "Note\Note.csproj", "{5F3AE715-5D64-4098-9EA3-3C3A4C443FCC}"
EndProject
Global
	GlobalSection(SolutionConfigurationPlatforms) = preSolution
		Debug|Any CPU = Debug|Any CPU
		Debug|ARM = Debug|ARM
		Debug|x86 = Debug|x86
		Release|Any CPU = Release|Any CPU
		Release|ARM = Release|ARM
		Release|x86 = Release|x86
	EndGlobalSection
	GlobalSection(ProjectConfigurationPlatforms) = postSolution
		{5F3AE715-5D64-4098-9EA3-3C3A4C443FCC}.Debug|Any CPU.ActiveCfg = Debug|Any CPU
		{5F3AE715-5D64-4098-9EA3-3C3A4C443FCC}.Debug|Any CPU.Build.0 = Debug|Any CPU
		{5F3AE715-5D64-4098-9EA3-3C3A4C443FCC}.Debug|Any CPU.Deploy.0 = Debug|Any CPU
		{5F3AE715-5D64-4098-9EA3-3C3A4C443FCC}.Debug|ARM.ActiveCfg = Debug|ARM
		{5F3AE715-5D64-4098-9EA3-3C3A4C443FCC}.Debug|ARM.Build.0 = Debug|ARM
		{5F3AE715-5D64-4098-9EA3-3C3A4C443FCC}.Debug|ARM.Deploy.0 = Debug|ARM
		{5F3AE715-5D64-4098-9EA3-3C3A4C443FCC}.Debug|x86.ActiveCfg = Debug|x86
		{5F3AE715-5D64-4098-9EA3-3C3A4C443FCC}.Debug|x86.Build.0 = Debug|x86
		{5F3AE715-5D64-4098-9EA3-3C3A4C443FCC}.Debug|x86.Deploy.0 = Debug|x86
		{5F3AE715-5D64-4098-9EA3-3C3A4C443FCC}.Release|Any CPU.ActiveCfg = Release|Any CPU
		{5F3AE715-5D64-4098-9EA3-3C3A4C443FCC}.Release|Any CPU.Build.0 = Release|Any CPU
		{5F3AE715-5D64-4098-9EA3-3C3A4C443FCC}.Release|Any CPU.Deploy.0 = Release|Any CPU
		{5F3AE715-5D64-4098-9EA3-3C3A4C443FCC}.Release|ARM.ActiveCfg = Release|ARM
		{5F3AE715-5D64-4098-9EA3-3C3A4C443FCC}.Release|ARM.Build.0 = Release|ARM
		{5F3AE715-5D64-4098-9EA3-3C3A4C443FCC}.Release|ARM.Deploy.0 = Release|ARM
		{5F3AE715-5D64-4098-9EA3-3C3A4C443FCC}.Release|x86.ActiveCfg = Release|x86
		{5F3AE715-5D64-4098-9EA3-3C3A4C443FCC}.Release|x86.Build.0 = Release|x86
		{5F3AE715-5D64-4098-9EA3-3C3A4C443FCC}.Release|x86.Deploy.0 = Release|x86
	EndGlobalSection
	GlobalSection(SolutionProperties) = preSolution
		HideSolutionNode = FALSE
	EndGlobalSection
EndGlobal
